
Microsoft Visual Studio Solution File, Format Version 12.00
# Visual Studio Version 17
VisualStudioVersion = 17.3.32929.385
MinimumVisualStudioVersion = 10.0.40219.1
Project("{FAE04EC0-301F-11D3-BF4B-00C04F79EFBC}") = "Call_Server", "Call_Server\Call_Server.csproj", "{D397D951-8D6B-48DD-AE6E-EA8D66704487}"
EndProject
Global
	GlobalSection(SolutionConfigurationPlatforms) = preSolution
		Debug|Any CPU = Debug|Any CPU
		Release|Any CPU = Release|Any CPU
	EndGlobalSection
	GlobalSection(ProjectConfigurationPlatforms) = postSolution
		{D397D951-8D6B-48DD-AE6E-EA8D66704487}.Debug|Any CPU.ActiveCfg = Debug|Any CPU
		{D397D951-8D6B-48DD-AE6E-EA8D66704487}.Debug|Any CPU.Build.0 = Debug|Any CPU
		{D397D951-8D6B-48DD-AE6E-EA8D66704487}.Release|Any CPU.ActiveCfg = Release|Any CPU
		{D397D951-8D6B-48DD-AE6E-EA8D66704487}.Release|Any CPU.Build.0 = Release|Any CPU
	EndGlobalSection
	GlobalSection(SolutionProperties) = preSolution
		HideSolutionNode = FALSE
	EndGlobalSection
	GlobalSection(ExtensibilityGlobals) = postSolution
		SolutionGuid = {79E07C03-43D7-47D7-84F3-98DA515B0115}
	EndGlobalSection
EndGlobal
